
Microsoft Visual Studio Solution File, Format Version 12.00
# Visual Studio Version 17
VisualStudioVersion = 17.9.34622.214
MinimumVisualStudioVersion = 10.0.40219.1
Project("{9A19103F-16F7-4668-BE54-9A1E7A4F7556}") = "CqrsDemo.Domain", "CqrsDemo.Domain\CqrsDemo.Domain.csproj", "{FEF16CEC-9333-4528-87CA-46CB8CF22200}"
EndProject
Project("{9A19103F-16F7-4668-BE54-9A1E7A4F7556}") = "CqrsDemo.Infrastructure", "CqrsDemo.Infrastructure\CqrsDemo.Infrastructure.csproj", "{5FDA268A-EE95-4A2D-9317-D4A7881ACDBF}"
EndProject
Project("{9A19103F-16F7-4668-BE54-9A1E7A4F7556}") = "CqrsDemo.Application", "CqrsDemo.Application\CqrsDemo.Application.csproj", "{69A014B2-23FD-4FE4-877C-82CC117567E8}"
EndProject
Project("{9A19103F-16F7-4668-BE54-9A1E7A4F7556}") = "CqrsDemo.CrossCutting", "CqrsDemo.CrossCutting\CqrsDemo.CrossCutting.csproj", "{5DD9FB00-C298-4EB4-A47B-70A18C527933}"
EndProject
Project("{9A19103F-16F7-4668-BE54-9A1E7A4F7556}") = "CqrsDemo.API", "CqrsDemo.API\CqrsDemo.API.csproj", "{39A18193-AF5E-4B1B-BA71-25307327F5CC}"
EndProject
Project("{2150E333-8FDC-42A3-9474-1A3956D46DE8}") = "Itens de Solução", "Itens de Solução", "{53109AB0-5219-4054-832D-2E930249C4C0}"
	ProjectSection(SolutionItems) = preProject
		README.md = README.md
	EndProjectSection
EndProject
Project("{FAE04EC0-301F-11D3-BF4B-00C04F79EFBC}") = "CqrsDemo.UnitTests", "CqrsDemo.UnitTests\CqrsDemo.UnitTests.csproj", "{EC2DEEB4-B985-42B8-921F-4B0F5B7F4D82}"
EndProject
Global
	GlobalSection(SolutionConfigurationPlatforms) = preSolution
		Debug|Any CPU = Debug|Any CPU
		Release|Any CPU = Release|Any CPU
	EndGlobalSection
	GlobalSection(ProjectConfigurationPlatforms) = postSolution
		{FEF16CEC-9333-4528-87CA-46CB8CF22200}.Debug|Any CPU.ActiveCfg = Debug|Any CPU
		{FEF16CEC-9333-4528-87CA-46CB8CF22200}.Debug|Any CPU.Build.0 = Debug|Any CPU
		{FEF16CEC-9333-4528-87CA-46CB8CF22200}.Release|Any CPU.ActiveCfg = Release|Any CPU
		{FEF16CEC-9333-4528-87CA-46CB8CF22200}.Release|Any CPU.Build.0 = Release|Any CPU
		{5FDA268A-EE95-4A2D-9317-D4A7881ACDBF}.Debug|Any CPU.ActiveCfg = Debug|Any CPU
		{5FDA268A-EE95-4A2D-9317-D4A7881ACDBF}.Debug|Any CPU.Build.0 = Debug|Any CPU
		{5FDA268A-EE95-4A2D-9317-D4A7881ACDBF}.Release|Any CPU.ActiveCfg = Release|Any CPU
		{5FDA268A-EE95-4A2D-9317-D4A7881ACDBF}.Release|Any CPU.Build.0 = Release|Any CPU
		{69A014B2-23FD-4FE4-877C-82CC117567E8}.Debug|Any CPU.ActiveCfg = Debug|Any CPU
		{69A014B2-23FD-4FE4-877C-82CC117567E8}.Debug|Any CPU.Build.0 = Debug|Any CPU
		{69A014B2-23FD-4FE4-877C-82CC117567E8}.Release|Any CPU.ActiveCfg = Release|Any CPU
		{69A014B2-23FD-4FE4-877C-82CC117567E8}.Release|Any CPU.Build.0 = Release|Any CPU
		{5DD9FB00-C298-4EB4-A47B-70A18C527933}.Debug|Any CPU.ActiveCfg = Debug|Any CPU
		{5DD9FB00-C298-4EB4-A47B-70A18C527933}.Debug|Any CPU.Build.0 = Debug|Any CPU
		{5DD9FB00-C298-4EB4-A47B-70A18C527933}.Release|Any CPU.ActiveCfg = Release|Any CPU
		{5DD9FB00-C298-4EB4-A47B-70A18C527933}.Release|Any CPU.Build.0 = Release|Any CPU
		{39A18193-AF5E-4B1B-BA71-25307327F5CC}.Debug|Any CPU.ActiveCfg = Debug|Any CPU
		{39A18193-AF5E-4B1B-BA71-25307327F5CC}.Debug|Any CPU.Build.0 = Debug|Any CPU
		{39A18193-AF5E-4B1B-BA71-25307327F5CC}.Release|Any CPU.ActiveCfg = Release|Any CPU
		{39A18193-AF5E-4B1B-BA71-25307327F5CC}.Release|Any CPU.Build.0 = Release|Any CPU
		{EC2DEEB4-B985-42B8-921F-4B0F5B7F4D82}.Debug|Any CPU.ActiveCfg = Debug|Any CPU
		{EC2DEEB4-B985-42B8-921F-4B0F5B7F4D82}.Debug|Any CPU.Build.0 = Debug|Any CPU
		{EC2DEEB4-B985-42B8-921F-4B0F5B7F4D82}.Release|Any CPU.ActiveCfg = Release|Any CPU
		{EC2DEEB4-B985-42B8-921F-4B0F5B7F4D82}.Release|Any CPU.Build.0 = Release|Any CPU
	EndGlobalSection
	GlobalSection(SolutionProperties) = preSolution
		HideSolutionNode = FALSE
	EndGlobalSection
	GlobalSection(ExtensibilityGlobals) = postSolution
		SolutionGuid = {3A627EC7-D092-4CB6-909C-9414D6240CAE}
	EndGlobalSection
EndGlobal
